// !$*UTF8*$!
{
	archiveVersion = 1;
	classes = {
	};
	objectVersion = 46;
	objects = {

/* Begin PBXBuildFile section */
		B03E0D3A1D1A50C800EB7C5D /* main.m in Sources */ = {isa = PBXBuildFile; fileRef = B03E0D391D1A50C800EB7C5D /* main.m */; };
		B03E0D3D1D1A50C800EB7C5D /* AppDelegate.m in Sources */ = {isa = PBXBuildFile; fileRef = B03E0D3C1D1A50C800EB7C5D /* AppDelegate.m */; };
		B03E0D401D1A50C800EB7C5D /* ViewController.m in Sources */ = {isa = PBXBuildFile; fileRef = B03E0D3F1D1A50C800EB7C5D /* ViewController.m */; };
		B03E0D431D1A50C800EB7C5D /* Main.storyboard in Resources */ = {isa = PBXBuildFile; fileRef = B03E0D411D1A50C800EB7C5D /* Main.storyboard */; };
		B03E0D461D1A50C800EB7C5D /* Mapkit2.xcdatamodeld in Sources */ = {isa = PBXBuildFile; fileRef = B03E0D441D1A50C800EB7C5D /* Mapkit2.xcdatamodeld */; };
		B03E0D481D1A50C800EB7C5D /* Assets.xcassets in Resources */ = {isa = PBXBuildFile; fileRef = B03E0D471D1A50C800EB7C5D /* Assets.xcassets */; };
		B03E0D4B1D1A50C800EB7C5D /* LaunchScreen.storyboard in Resources */ = {isa = PBXBuildFile; fileRef = B03E0D491D1A50C800EB7C5D /* LaunchScreen.storyboard */; };
		B03E0D561D1A50C800EB7C5D /* Mapkit2Tests.m in Sources */ = {isa = PBXBuildFile; fileRef = B03E0D551D1A50C800EB7C5D /* Mapkit2Tests.m */; };
		B03E0D611D1A50C800EB7C5D /* Mapkit2UITests.m in Sources */ = {isa = PBXBuildFile; fileRef = B03E0D601D1A50C800EB7C5D /* Mapkit2UITests.m */; };
/* End PBXBuildFile section */

/* Begin PBXContainerItemProxy section */
		B03E0D521D1A50C800EB7C5D /* PBXContainerItemProxy */ = {
			isa = PBXContainerItemProxy;
			containerPortal = B03E0D2D1D1A50C700EB7C5D /* Project object */;
			proxyType = 1;
			remoteGlobalIDString = B03E0D341D1A50C700EB7C5D;
			remoteInfo = Mapkit2;
		};
		B03E0D5D1D1A50C800EB7C5D /* PBXContainerItemProxy */ = {
			isa = PBXContainerItemProxy;
			containerPortal = B03E0D2D1D1A50C700EB7C5D /* Project object */;
			proxyType = 1;
			remoteGlobalIDString = B03E0D341D1A50C700EB7C5D;
			remoteInfo = Mapkit2;
		};
/* End PBXContainerItemProxy section */

/* Begin PBXFileReference section */
		B03E0D351D1A50C700EB7C5D /* Mapkit2.app */ = {isa = PBXFileReference; explicitFileType = wrapper.application; includeInIndex = 0; path = Mapkit2.app; sourceTree = BUILT_PRODUCTS_DIR; };
		B03E0D391D1A50C800EB7C5D /* main.m */ = {isa = PBXFileReference; lastKnownFileType = sourcecode.c.objc; path = main.m; sourceTree = "<group>"; };
		B03E0D3B1D1A50C800EB7C5D /* AppDelegate.h */ = {isa = PBXFileReference; lastKnownFileType = sourcecode.c.h; path = AppDelegate.h; sourceTree = "<group>"; };
		B03E0D3C1D1A50C800EB7C5D /* AppDelegate.m */ = {isa = PBXFileReference; lastKnownFileType = sourcecode.c.objc; path = AppDelegate.m; sourceTree = "<group>"; };
		B03E0D3E1D1A50C800EB7C5D /* ViewController.h */ = {isa = PBXFileReference; lastKnownFileType = sourcecode.c.h; path = ViewController.h; sourceTree = "<group>"; };
		B03E0D3F1D1A50C800EB7C5D /* ViewController.m */ = {isa = PBXFileReference; lastKnownFileType = sourcecode.c.objc; path = ViewController.m; sourceTree = "<group>"; };
		B03E0D421D1A50C800EB7C5D /* Base */ = {isa = PBXFileReference; lastKnownFileType = file.storyboard; name = Base; path = Base.lproj/Main.storyboard; sourceTree = "<group>"; };
		B03E0D451D1A50C800EB7C5D /* Mapkit2.xcdatamodel */ = {isa = PBXFileReference; lastKnownFileType = wrapper.xcdatamodel; path = Mapkit2.xcdatamodel; sourceTree = "<group>"; };
		B03E0D471D1A50C800EB7C5D /* Assets.xcassets */ = {isa = PBXFileReference; lastKnownFileType = folder.assetcatalog; path = Assets.xcassets; sourceTree = "<group>"; };
		B03E0D4A1D1A50C800EB7C5D /* Base */ = {isa = PBXFileReference; lastKnownFileType = file.storyboard; name = Base; path = Base.lproj/LaunchScreen.storyboard; sourceTree = "<group>"; };
		B03E0D4C1D1A50C800EB7C5D /* Info.plist */ = {isa = PBXFileReference; lastKnownFileType = text.plist.xml; path = Info.plist; sourceTree = "<group>"; };
		B03E0D511D1A50C800EB7C5D /* Mapkit2Tests.xctest */ = {isa = PBXFileReference; explicitFileType = wrapper.cfbundle; includeInIndex = 0; path = Mapkit2Tests.xctest; sourceTree = BUILT_PRODUCTS_DIR; };
		B03E0D551D1A50C800EB7C5D /* Mapkit2Tests.m */ = {isa = PBXFileReference; lastKnownFileType = sourcecode.c.objc; path = Mapkit2Tests.m; sourceTree = "<group>"; };
		B03E0D571D1A50C800EB7C5D /* Info.plist */ = {isa = PBXFileReference; lastKnownFileType = text.plist.xml; path = Info.plist; sourceTree = "<group>"; };
		B03E0D5C1D1A50C800EB7C5D /* Mapkit2UITests.xctest */ = {isa = PBXFileReference; explicitFileType = wrapper.cfbundle; includeInIndex = 0; path = Mapkit2UITests.xctest; sourceTree = BUILT_PRODUCTS_DIR; };
		B03E0D601D1A50C800EB7C5D /* Mapkit2UITests.m */ = {isa = PBXFileReference; lastKnownFileType = sourcecode.c.objc; path = Mapkit2UITests.m; sourceTree = "<group>"; };
		B03E0D621D1A50C800EB7C5D /* Info.plist */ = {isa = PBXFileReference; lastKnownFileType = text.plist.xml; path = Info.plist; sourceTree = "<group>"; };
/* End PBXFileReference section */

/* Begin PBXFrameworksBuildPhase section */
		B03E0D321D1A50C700EB7C5D /* Frameworks */ = {
			isa = PBXFrameworksBuildPhase;
			buildActionMask = 2147483647;
			files = (
			);
			runOnlyForDeploymentPostprocessing = 0;
		};
		B03E0D4E1D1A50C800EB7C5D /* Frameworks */ = {
			isa = PBXFrameworksBuildPhase;
			buildActionMask = 2147483647;
			files = (
			);
			runOnlyForDeploymentPostprocessing = 0;
		};
		B03E0D591D1A50C800EB7C5D /* Frameworks */ = {
			isa = PBXFrameworksBuildPhase;
			buildActionMask = 2147483647;
			files = (
			);
			runOnlyForDeploymentPostprocessing = 0;
		};
/* End PBXFrameworksBuildPhase section */

/* Begin PBXGroup section */
		B03E0D2C1D1A50C700EB7C5D = {
			isa = PBXGroup;
			children = (
				B03E0D371D1A50C800EB7C5D /* Mapkit2 */,
				B03E0D541D1A50C800EB7C5D /* Mapkit2Tests */,
				B03E0D5F1D1A50C800EB7C5D /* Mapkit2UITests */,
				B03E0D361D1A50C700EB7C5D /* Products */,
			);
			sourceTree = "<group>";
		};
		B03E0D361D1A50C700EB7C5D /* Products */ = {
			isa = PBXGroup;
			children = (
				B03E0D351D1A50C700EB7C5D /* Mapkit2.app */,
				B03E0D511D1A50C800EB7C5D /* Mapkit2Tests.xctest */,
				B03E0D5C1D1A50C800EB7C5D /* Mapkit2UITests.xctest */,
			);
			name = Products;
			sourceTree = "<group>";
		};
		B03E0D371D1A50C800EB7C5D /* Mapkit2 */ = {
			isa = PBXGroup;
			children = (
				B03E0D3B1D1A50C800EB7C5D /* AppDelegate.h */,
				B03E0D3C1D1A50C800EB7C5D /* AppDelegate.m */,
				B03E0D3E1D1A50C800EB7C5D /* ViewController.h */,
				B03E0D3F1D1A50C800EB7C5D /* ViewController.m */,
				B03E0D411D1A50C800EB7C5D /* Main.storyboard */,
				B03E0D471D1A50C800EB7C5D /* Assets.xcassets */,
				B03E0D491D1A50C800EB7C5D /* LaunchScreen.storyboard */,
				B03E0D4C1D1A50C800EB7C5D /* Info.plist */,
				B03E0D441D1A50C800EB7C5D /* Mapkit2.xcdatamodeld */,
				B03E0D381D1A50C800EB7C5D /* Supporting Files */,
			);
			path = Mapkit2;
			sourceTree = "<group>";
		};
		B03E0D381D1A50C800EB7C5D /* Supporting Files */ = {
			isa = PBXGroup;
			children = (
				B03E0D391D1A50C800EB7C5D /* main.m */,
			);
			name = "Supporting Files";
			sourceTree = "<group>";
		};
		B03E0D541D1A50C800EB7C5D /* Mapkit2Tests */ = {
			isa = PBXGroup;
			children = (
				B03E0D551D1A50C800EB7C5D /* Mapkit2Tests.m */,
				B03E0D571D1A50C800EB7C5D /* Info.plist */,
			);
			path = Mapkit2Tests;
			sourceTree = "<group>";
		};
		B03E0D5F1D1A50C800EB7C5D /* Mapkit2UITests */ = {
			isa = PBXGroup;
			children = (
				B03E0D601D1A50C800EB7C5D /* Mapkit2UITests.m */,
				B03E0D621D1A50C800EB7C5D /* Info.plist */,
			);
			path = Mapkit2UITests;
			sourceTree = "<group>";
		};
/* End PBXGroup section */

/* Begin PBXNativeTarget section */
		B03E0D341D1A50C700EB7C5D /* Mapkit2 */ = {
			isa = PBXNativeTarget;
			buildConfigurationList = B03E0D651D1A50C800EB7C5D /* Build configuration list for PBXNativeTarget "Mapkit2" */;
			buildPhases = (
				B03E0D311D1A50C700EB7C5D /* Sources */,
				B03E0D321D1A50C700EB7C5D /* Frameworks */,
				B03E0D331D1A50C700EB7C5D /* Resources */,
			);
			buildRules = (
			);
			dependencies = (
			);
			name = Mapkit2;
			productName = Mapkit2;
			productReference = B03E0D351D1A50C700EB7C5D /* Mapkit2.app */;
			productType = "com.apple.product-type.application";
		};
		B03E0D501D1A50C800EB7C5D /* Mapkit2Tests */ = {
			isa = PBXNativeTarget;
			buildConfigurationList = B03E0D681D1A50C800EB7C5D /* Build configuration list for PBXNativeTarget "Mapkit2Tests" */;
			buildPhases = (
				B03E0D4D1D1A50C800EB7C5D /* Sources */,
				B03E0D4E1D1A50C800EB7C5D /* Frameworks */,
				B03E0D4F1D1A50C800EB7C5D /* Resources */,
			);
			buildRules = (
			);
			dependencies = (
				B03E0D531D1A50C800EB7C5D /* PBXTargetDependency */,
			);
			name = Mapkit2Tests;
			productName = Mapkit2Tests;
			productReference = B03E0D511D1A50C800EB7C5D /* Mapkit2Tests.xctest */;
			productType = "com.apple.product-type.bundle.unit-test";
		};
		B03E0D5B1D1A50C800EB7C5D /* Mapkit2UITests */ = {
			isa = PBXNativeTarget;
			buildConfigurationList = B03E0D6B1D1A50C800EB7C5D /* Build configuration list for PBXNativeTarget "Mapkit2UITests" */;
			buildPhases = (
				B03E0D581D1A50C800EB7C5D /* Sources */,
				B03E0D591D1A50C800EB7C5D /* Frameworks */,
				B03E0D5A1D1A50C800EB7C5D /* Resources */,
			);
			buildRules = (
			);
			dependencies = (
				B03E0D5E1D1A50C800EB7C5D /* PBXTargetDependency */,
			);
			name = Mapkit2UITests;
			productName = Mapkit2UITests;
			productReference = B03E0D5C1D1A50C800EB7C5D /* Mapkit2UITests.xctest */;
			productType = "com.apple.product-type.bundle.ui-testing";
		};
/* End PBXNativeTarget section */

/* Begin PBXProject section */
		B03E0D2D1D1A50C700EB7C5D /* Project object */ = {
			isa = PBXProject;
			attributes = {
				LastUpgradeCheck = 0730;
				ORGANIZATIONNAME = Logictree;
				TargetAttributes = {
					B03E0D341D1A50C700EB7C5D = {
						CreatedOnToolsVersion = 7.3;
					};
					B03E0D501D1A50C800EB7C5D = {
						CreatedOnToolsVersion = 7.3;
						TestTargetID = B03E0D341D1A50C700EB7C5D;
					};
					B03E0D5B1D1A50C800EB7C5D = {
						CreatedOnToolsVersion = 7.3;
						TestTargetID = B03E0D341D1A50C700EB7C5D;
					};
				};
			};
			buildConfigurationList = B03E0D301D1A50C700EB7C5D /* Build configuration list for PBXProject "Mapkit2" */;
			compatibilityVersion = "Xcode 3.2";
			developmentRegion = English;
			hasScannedForEncodings = 0;
			knownRegions = (
				en,
				Base,
			);
			mainGroup = B03E0D2C1D1A50C700EB7C5D;
			productRefGroup = B03E0D361D1A50C700EB7C5D /* Products */;
			projectDirPath = "";
			projectRoot = "";
			targets = (
				B03E0D341D1A50C700EB7C5D /* Mapkit2 */,
				B03E0D501D1A50C800EB7C5D /* Mapkit2Tests */,
				B03E0D5B1D1A50C800EB7C5D /* Mapkit2UITests */,
			);
		};
/* End PBXProject section */

/* Begin PBXResourcesBuildPhase section */
		B03E0D331D1A50C700EB7C5D /* Resources */ = {
			isa = PBXResourcesBuildPhase;
			buildActionMask = 2147483647;
			files = (
				B03E0D4B1D1A50C800EB7C5D /* LaunchScreen.storyboard in Resources */,
				B03E0D481D1A50C800EB7C5D /* Assets.xcassets in Resources */,
				B03E0D431D1A50C800EB7C5D /* Main.storyboard in Resources */,
			);
			runOnlyForDeploymentPostprocessing = 0;
		};
		B03E0D4F1D1A50C800EB7C5D /* Resources */ = {
			isa = PBXResourcesBuildPhase;
			buildActionMask = 2147483647;
			files = (
			);
			runOnlyForDeploymentPostprocessing = 0;
		};
		B03E0D5A1D1A50C800EB7C5D /* Resources */ = {
			isa = PBXResourcesBuildPhase;
			buildActionMask = 2147483647;
			files = (
			);
			runOnlyForDeploymentPostprocessing = 0;
		};
/* End PBXResourcesBuildPhase section */

/* Begin PBXSourcesBuildPhase section */
		B03E0D311D1A50C700EB7C5D /* Sources */ = {
			isa = PBXSourcesBuildPhase;
			buildActionMask = 2147483647;
			files = (
				B03E0D461D1A50C800EB7C5D /* Mapkit2.xcdatamodeld in Sources */,
				B03E0D401D1A50C800EB7C5D /* ViewController.m in Sources */,
				B03E0D3D1D1A50C800EB7C5D /* AppDelegate.m in Sources */,
				B03E0D3A1D1A50C800EB7C5D /* main.m in Sources */,
			);
			runOnlyForDeploymentPostprocessing = 0;
		};
		B03E0D4D1D1A50C800EB7C5D /* Sources */ = {
			isa = PBXSourcesBuildPhase;
			buildActionMask = 2147483647;
			files = (
				B03E0D561D1A50C800EB7C5D /* Mapkit2Tests.m in Sources */,
			);
			runOnlyForDeploymentPostprocessing = 0;
		};
		B03E0D581D1A50C800EB7C5D /* Sources */ = {
			isa = PBXSourcesBuildPhase;
			buildActionMask = 2147483647;
			files = (
				B03E0D611D1A50C800EB7C5D /* Mapkit2UITests.m in Sources */,
			);
			runOnlyForDeploymentPostprocessing = 0;
		};
/* End PBXSourcesBuildPhase section */

/* Begin PBXTargetDependency section */
		B03E0D531D1A50C800EB7C5D /* PBXTargetDependency */ = {
			isa = PBXTargetDependency;
			target = B03E0D341D1A50C700EB7C5D /* Mapkit2 */;
			targetProxy = B03E0D521D1A50C800EB7C5D /* PBXContainerItemProxy */;
		};
		B03E0D5E1D1A50C800EB7C5D /* PBXTargetDependency */ = {
			isa = PBXTargetDependency;
			target = B03E0D341D1A50C700EB7C5D /* Mapkit2 */;
			targetProxy = B03E0D5D1D1A50C800EB7C5D /* PBXContainerItemProxy */;
		};
/* End PBXTargetDependency section */

/* Begin PBXVariantGroup section */
		B03E0D411D1A50C800EB7C5D /* Main.storyboard */ = {
			isa = PBXVariantGroup;
			children = (
				B03E0D421D1A50C800EB7C5D /* Base */,
			);
			name = Main.storyboard;
			sourceTree = "<group>";
		};
		B03E0D491D1A50C800EB7C5D /* LaunchScreen.storyboard */ = {
			isa = PBXVariantGroup;
			children = (
				B03E0D4A1D1A50C800EB7C5D /* Base */,
			);
			name = LaunchScreen.storyboard;
			sourceTree = "<group>";
		};
/* End PBXVariantGroup section */

/* Begin XCBuildConfiguration section */
		B03E0D631D1A50C800EB7C5D /* Debug */ = {
			isa = XCBuildConfiguration;
			buildSettings = {
				ALWAYS_SEARCH_USER_PATHS = NO;
				CLANG_ANALYZER_NONNULL = YES;
				CLANG_CXX_LANGUAGE_STANDARD = "gnu++0x";
				CLANG_CXX_LIBRARY = "libc++";
				CLANG_ENABLE_MODULES = YES;
				CLANG_ENABLE_OBJC_ARC = YES;
				CLANG_WARN_BOOL_CONVERSION = YES;
				CLANG_WARN_CONSTANT_CONVERSION = YES;
				CLANG_WARN_DIRECT_OBJC_ISA_USAGE = YES_ERROR;
				CLANG_WARN_EMPTY_BODY = YES;
				CLANG_WARN_ENUM_CONVERSION = YES;
				CLANG_WARN_INT_CONVERSION = YES;
				CLANG_WARN_OBJC_ROOT_CLASS = YES_ERROR;
				CLANG_WARN_UNREACHABLE_CODE = YES;
				CLANG_WARN__DUPLICATE_METHOD_MATCH = YES;
				"CODE_SIGN_IDENTITY[sdk=iphoneos*]" = "iPhone Developer";
				COPY_PHASE_STRIP = NO;
				DEBUG_INFORMATION_FORMAT = dwarf;
				ENABLE_STRICT_OBJC_MSGSEND = YES;
				ENABLE_TESTABILITY = YES;
				GCC_C_LANGUAGE_STANDARD = gnu99;
				GCC_DYNAMIC_NO_PIC = NO;
				GCC_NO_COMMON_BLOCKS = YES;
				GCC_OPTIMIZATION_LEVEL = 0;
				GCC_PREPROCESSOR_DEFINITIONS = (
					"DEBUG=1",
					"$(inherited)",
				);
				GCC_WARN_64_TO_32_BIT_CONVERSION = YES;
				GCC_WARN_ABOUT_RETURN_TYPE = YES_ERROR;
				GCC_WARN_UNDECLARED_SELECTOR = YES;
				GCC_WARN_UNINITIALIZED_AUTOS = YES_AGGRESSIVE;
				GCC_WARN_UNUSED_FUNCTION = YES;
				GCC_WARN_UNUSED_VARIABLE = YES;
				IPHONEOS_DEPLOYMENT_TARGET = 9.3;
				MTL_ENABLE_DEBUG_INFO = YES;
				ONLY_ACTIVE_ARCH = YES;
				SDKROOT = iphoneos;
			};
			name = Debug;
		};
		B03E0D641D1A50C800EB7C5D /* Release */ = {
			isa = XCBuildConfiguration;
			buildSettings = {
				ALWAYS_SEARCH_USER_PATHS = NO;
				CLANG_ANALYZER_NONNULL = YES;
				CLANG_CXX_LANGUAGE_STANDARD = "gnu++0x";
				CLANG_CXX_LIBRARY = "libc++";
				CLANG_ENABLE_MODULES = YES;
				CLANG_ENABLE_OBJC_ARC = YES;
				CLANG_WARN_BOOL_CONVERSION = YES;
				CLANG_WARN_CONSTANT_CONVERSION = YES;
				CLANG_WARN_DIRECT_OBJC_ISA_USAGE = YES_ERROR;
				CLANG_WARN_EMPTY_BODY = YES;
				CLANG_WARN_ENUM_CONVERSION = YES;
				CLANG_WARN_INT_CONVERSION = YES;
				CLANG_WARN_OBJC_ROOT_CLASS = YES_ERROR;
				CLANG_WARN_UNREACHABLE_CODE = YES;
				CLANG_WARN__DUPLICATE_METHOD_MATCH = YES;
				"CODE_SIGN_IDENTITY[sdk=iphoneos*]" = "iPhone Developer";
				COPY_PHASE_STRIP = NO;
				DEBUG_INFORMATION_FORMAT = "dwarf-with-dsym";
				ENABLE_NS_ASSERTIONS = NO;
				ENABLE_STRICT_OBJC_MSGSEND = YES;
				GCC_C_LANGUAGE_STANDARD = gnu99;
				GCC_NO_COMMON_BLOCKS = YES;
				GCC_WARN_64_TO_32_BIT_CONVERSION = YES;
				GCC_WARN_ABOUT_RETURN_TYPE = YES_ERROR;
				GCC_WARN_UNDECLARED_SELECTOR = YES;
				GCC_WARN_UNINITIALIZED_AUTOS = YES_AGGRESSIVE;
				GCC_WARN_UNUSED_FUNCTION = YES;
				GCC_WARN_UNUSED_VARIABLE = YES;
				IPHONEOS_DEPLOYMENT_TARGET = 9.3;
				MTL_ENABLE_DEBUG_INFO = NO;
				SDKROOT = iphoneos;
				VALIDATE_PRODUCT = YES;
			};
			name = Release;
		};
		B03E0D661D1A50C800EB7C5D /* Debug */ = {
			isa = XCBuildConfiguration;
			buildSettings = {
				ASSETCATALOG_COMPILER_APPICON_NAME = AppIcon;
				INFOPLIST_FILE = Mapkit2/Info.plist;
				LD_RUNPATH_SEARCH_PATHS = "$(inherited) @executable_path/Frameworks";
				PRODUCT_BUNDLE_IDENTIFIER = com.Mapkit2;
				PRODUCT_NAME = "$(TARGET_NAME)";
			};
			name = Debug;
		};
		B03E0D671D1A50C800EB7C5D /* Release */ = {
			isa = XCBuildConfiguration;
			buildSettings = {
				ASSETCATALOG_COMPILER_APPICON_NAME = AppIcon;
				INFOPLIST_FILE = Mapkit2/Info.plist;
				LD_RUNPATH_SEARCH_PATHS = "$(inherited) @executable_path/Frameworks";
				PRODUCT_BUNDLE_IDENTIFIER = com.Mapkit2;
				PRODUCT_NAME = "$(TARGET_NAME)";
			};
			name = Release;
		};
		B03E0D691D1A50C800EB7C5D /* Debug */ = {
			isa = XCBuildConfiguration;
			buildSettings = {
				BUNDLE_LOADER = "$(TEST_HOST)";
				INFOPLIST_FILE = Mapkit2Tests/Info.plist;
				LD_RUNPATH_SEARCH_PATHS = "$(inherited) @executable_path/Frameworks @loader_path/Frameworks";
				PRODUCT_BUNDLE_IDENTIFIER = com.Mapkit2Tests;
				PRODUCT_NAME = "$(TARGET_NAME)";
				TEST_HOST = "$(BUILT_PRODUCTS_DIR)/Mapkit2.app/Mapkit2";
			};
			name = Debug;
		};
		B03E0D6A1D1A50C800EB7C5D /* Release */ = {
			isa = XCBuildConfiguration;
			buildSettings = {
				BUNDLE_LOADER = "$(TEST_HOST)";
				INFOPLIST_FILE = Mapkit2Tests/Info.plist;
				LD_RUNPATH_SEARCH_PATHS = "$(inherited) @executable_path/Frameworks @loader_path/Frameworks";
				PRODUCT_BUNDLE_IDENTIFIER = com.Mapkit2Tests;
				PRODUCT_NAME = "$(TARGET_NAME)";
				TEST_HOST = "$(BUILT_PRODUCTS_DIR)/Mapkit2.app/Mapkit2";
			};
			name = Release;
		};
		B03E0D6C1D1A50C800EB7C5D /* Debug */ = {
			isa = XCBuildConfiguration;
			buildSettings = {
				INFOPLIST_FILE = Mapkit2UITests/Info.plist;
				LD_RUNPATH_SEARCH_PATHS = "$(inherited) @executable_path/Frameworks @loader_path/Frameworks";
				PRODUCT_BUNDLE_IDENTIFIER = com.Mapkit2UITests;
				PRODUCT_NAME = "$(TARGET_NAME)";
				TEST_TARGET_NAME = Mapkit2;
			};
			name = Debug;
		};
		B03E0D6D1D1A50C800EB7C5D /* Release */ = {
			isa = XCBuildConfiguration;
			buildSettings = {
				INFOPLIST_FILE = Mapkit2UITests/Info.plist;
				LD_RUNPATH_SEARCH_PATHS = "$(inherited) @executable_path/Frameworks @loader_path/Frameworks";
				PRODUCT_BUNDLE_IDENTIFIER = com.Mapkit2UITests;
				PRODUCT_NAME = "$(TARGET_NAME)";
				TEST_TARGET_NAME = Mapkit2;
			};
			name = Release;
		};
/* End XCBuildConfiguration section */

/* Begin XCConfigurationList section */
		B03E0D301D1A50C700EB7C5D /* Build configuration list for PBXProject "Mapkit2" */ = {
			isa = XCConfigurationList;
			buildConfigurations = (
				B03E0D631D1A50C800EB7C5D /* Debug */,
				B03E0D641D1A50C800EB7C5D /* Release */,
			);
			defaultConfigurationIsVisible = 0;
			defaultConfigurationName = Release;
		};
		B03E0D651D1A50C800EB7C5D /* Build configuration list for PBXNativeTarget "Mapkit2" */ = {
			isa = XCConfigurationList;
			buildConfigurations = (
				B03E0D661D1A50C800EB7C5D /* Debug */,
				B03E0D671D1A50C800EB7C5D /* Release */,
			);
			defaultConfigurationIsVisible = 0;
		};
		B03E0D681D1A50C800EB7C5D /* Build configuration list for PBXNativeTarget "Mapkit2Tests" */ = {
			isa = XCConfigurationList;
			buildConfigurations = (
				B03E0D691D1A50C800EB7C5D /* Debug */,
				B03E0D6A1D1A50C800EB7C5D /* Release */,
			);
			defaultConfigurationIsVisible = 0;
		};
		B03E0D6B1D1A50C800EB7C5D /* Build configuration list for PBXNativeTarget "Mapkit2UITests" */ = {
			isa = XCConfigurationList;
			buildConfigurations = (
				B03E0D6C1D1A50C800EB7C5D /* Debug */,
				B03E0D6D1D1A50C800EB7C5D /* Release */,
			);
			defaultConfigurationIsVisible = 0;
		};
/* End XCConfigurationList section */

/* Begin XCVersionGroup section */
		B03E0D441D1A50C800EB7C5D /* Mapkit2.xcdatamodeld */ = {
			isa = XCVersionGroup;
			children = (
				B03E0D451D1A50C800EB7C5D /* Mapkit2.xcdatamodel */,
			);
			currentVersion = B03E0D451D1A50C800EB7C5D /* Mapkit2.xcdatamodel */;
			path = Mapkit2.xcdatamodeld;
			sourceTree = "<group>";
			versionGroupType = wrapper.xcdatamodel;
		};
/* End XCVersionGroup section */
	};
	rootObject = B03E0D2D1D1A50C700EB7C5D /* Project object */;
}
